
Microsoft Visual Studio Solution File, Format Version 12.00
# Visual Studio Version 16
VisualStudioVersion = 16.0.29905.134
MinimumVisualStudioVersion = 10.0.40219.1
Project("{FAE04EC0-301F-11D3-BF4B-00C04F79EFBC}") = "CupCakeLib", "CupCakeLib.csproj", "{7EBEF8AA-257C-49F8-B6B0-74678D0D8160}"
EndProject
Global
	GlobalSection(SolutionConfigurationPlatforms) = preSolution
		Debug|Any CPU = Debug|Any CPU
		Release|Any CPU = Release|Any CPU
	EndGlobalSection
	GlobalSection(ProjectConfigurationPlatforms) = postSolution
		{7EBEF8AA-257C-49F8-B6B0-74678D0D8160}.Debug|Any CPU.ActiveCfg = Debug|Any CPU
		{7EBEF8AA-257C-49F8-B6B0-74678D0D8160}.Debug|Any CPU.Build.0 = Debug|Any CPU
		{7EBEF8AA-257C-49F8-B6B0-74678D0D8160}.Release|Any CPU.ActiveCfg = Release|Any CPU
		{7EBEF8AA-257C-49F8-B6B0-74678D0D8160}.Release|Any CPU.Build.0 = Release|Any CPU
	EndGlobalSection
	GlobalSection(SolutionProperties) = preSolution
		HideSolutionNode = FALSE
	EndGlobalSection
	GlobalSection(ExtensibilityGlobals) = postSolution
		SolutionGuid = {5B850E3F-FBAA-4C8F-8AD2-707EEA53F641}
	EndGlobalSection
EndGlobal
